
Microsoft Visual Studio Solution File, Format Version 12.00
# Visual Studio Version 17
VisualStudioVersion = 17.10.35004.147
MinimumVisualStudioVersion = 10.0.40219.1
Project("{FAE04EC0-301F-11D3-BF4B-00C04F79EFBC}") = "CustomAuth3", "CustomAuth3\CustomAuth3.csproj", "{77BB08B4-55AB-4B19-BD80-760E4CBD50D8}"
EndProject
Global
	GlobalSection(SolutionConfigurationPlatforms) = preSolution
		Debug|Any CPU = Debug|Any CPU
		Release|Any CPU = Release|Any CPU
	EndGlobalSection
	GlobalSection(ProjectConfigurationPlatforms) = postSolution
		{77BB08B4-55AB-4B19-BD80-760E4CBD50D8}.Debug|Any CPU.ActiveCfg = Debug|Any CPU
		{77BB08B4-55AB-4B19-BD80-760E4CBD50D8}.Debug|Any CPU.Build.0 = Debug|Any CPU
		{77BB08B4-55AB-4B19-BD80-760E4CBD50D8}.Release|Any CPU.ActiveCfg = Release|Any CPU
		{77BB08B4-55AB-4B19-BD80-760E4CBD50D8}.Release|Any CPU.Build.0 = Release|Any CPU
	EndGlobalSection
	GlobalSection(SolutionProperties) = preSolution
		HideSolutionNode = FALSE
	EndGlobalSection
	GlobalSection(ExtensibilityGlobals) = postSolution
		SolutionGuid = {1FAC3418-4E95-49CE-8065-74CA874F01A6}
	EndGlobalSection
EndGlobal
